
Microsoft Visual Studio Solution File, Format Version 12.00
# Visual Studio 15
VisualStudioVersion = 15.0.26430.16
MinimumVisualStudioVersion = 10.0.40219.1
Project("{FAE04EC0-301F-11D3-BF4B-00C04F79EFBC}") = "DashBoardMvc", "DashBoardMvc\DashBoardMvc.csproj", "{7835A0F3-6154-49C5-B351-89FAD65FC1F2}"
EndProject
Project("{FAE04EC0-301F-11D3-BF4B-00C04F79EFBC}") = "announcement-webApi", "announcement-webApi\announcement-webApi.csproj", "{28A487D3-A601-47AB-AB99-D8C7A9DF7D3C}"
EndProject
Global
	GlobalSection(SolutionConfigurationPlatforms) = preSolution
		Debug|Any CPU = Debug|Any CPU
		Release|Any CPU = Release|Any CPU
	EndGlobalSection
	GlobalSection(ProjectConfigurationPlatforms) = postSolution
		{7835A0F3-6154-49C5-B351-89FAD65FC1F2}.Debug|Any CPU.ActiveCfg = Debug|Any CPU
		{7835A0F3-6154-49C5-B351-89FAD65FC1F2}.Debug|Any CPU.Build.0 = Debug|Any CPU
		{7835A0F3-6154-49C5-B351-89FAD65FC1F2}.Release|Any CPU.ActiveCfg = Release|Any CPU
		{7835A0F3-6154-49C5-B351-89FAD65FC1F2}.Release|Any CPU.Build.0 = Release|Any CPU
		{28A487D3-A601-47AB-AB99-D8C7A9DF7D3C}.Debug|Any CPU.ActiveCfg = Debug|Any CPU
		{28A487D3-A601-47AB-AB99-D8C7A9DF7D3C}.Debug|Any CPU.Build.0 = Debug|Any CPU
		{28A487D3-A601-47AB-AB99-D8C7A9DF7D3C}.Release|Any CPU.ActiveCfg = Release|Any CPU
		{28A487D3-A601-47AB-AB99-D8C7A9DF7D3C}.Release|Any CPU.Build.0 = Release|Any CPU
	EndGlobalSection
	GlobalSection(SolutionProperties) = preSolution
		HideSolutionNode = FALSE
	EndGlobalSection
EndGlobal
